{
  "name": "assets",
  "version": "1.0.0",
  "lockfileVersion": 2,
  "requires": true,
  "packages": {
    "": {
      "name": "assets",
      "version": "1.0.0",
      "license": "MIT",
      "dependencies": {
        "font-awesome": "^4.7.0",
        "nord-highlightjs": "^0.1.0",
        "spoqa-han-sans": "^3.1.0"
      }
    },
    "node_modules/font-awesome": {
      "version": "4.7.0",
      "resolved": "https://registry.npmjs.org/font-awesome/-/font-awesome-4.7.0.tgz",
      "integrity": "sha1-j6jPBBGhoxr9B7BtKQK7n8gVoTM=",
      "engines": {
        "node": ">=0.10.3"
      }
    },
    "node_modules/nord-highlightjs": {
      "version": "0.1.0",
      "resolved": "https://registry.npmjs.org/nord-highlightjs/-/nord-highlightjs-0.1.0.tgz",
      "integrity": "sha512-1fcQsaEOjGq3XwTD3izRCxYHFnJQAMrQZ18zlWmJxCd4wOJ7/hnoZtCw9qTsRnRjSsUwkPsCGtJXTB+7bEVMJw=="
    },
    "node_modules/spoqa-han-sans": {
      "version": "3.1.0",
      "resolved": "https://registry.npmjs.org/spoqa-han-sans/-/spoqa-han-sans-3.1.0.tgz",
      "integrity": "sha512-n2Wp2qdv9N6x+nOGp+vjL16xhQ8lOS+mOCyhBjrRoo2xebRrJusdzokZw6Y8P7unGQATKxIWV/4qt/Ae1tAFwA=="
    }
  },
  "dependencies": {
    "font-awesome": {
      "version": "4.7.0",
      "resolved": "https://registry.npmjs.org/font-awesome/-/font-awesome-4.7.0.tgz",
      "integrity": "sha1-j6jPBBGhoxr9B7BtKQK7n8gVoTM="
    },
    "nord-highlightjs": {
      "version": "0.1.0",
      "resolved": "https://registry.npmjs.org/nord-highlightjs/-/nord-highlightjs-0.1.0.tgz",
      "integrity": "sha512-1fcQsaEOjGq3XwTD3izRCxYHFnJQAMrQZ18zlWmJxCd4wOJ7/hnoZtCw9qTsRnRjSsUwkPsCGtJXTB+7bEVMJw=="
    },
    "spoqa-han-sans": {
      "version": "3.1.0",
      "resolved": "https://registry.npmjs.org/spoqa-han-sans/-/spoqa-han-sans-3.1.0.tgz",
      "integrity": "sha512-n2Wp2qdv9N6x+nOGp+vjL16xhQ8lOS+mOCyhBjrRoo2xebRrJusdzokZw6Y8P7unGQATKxIWV/4qt/Ae1tAFwA=="
    }
  }
}
